
Microsoft Visual Studio Solution File, Format Version 12.00
# Visual Studio 15
VisualStudioVersion = 15.0.28307.1267
MinimumVisualStudioVersion = 10.0.40219.1
Project("{F184B08F-C81C-45F6-A57F-5ABD9991F28F}") = "Count Total Vowels", "Count Total Vowels\Count Total Vowels.vbproj", "{BA3DF9DC-2F8F-44DC-B2D9-4303E33014DD}"
EndProject
Global
	GlobalSection(SolutionConfigurationPlatforms) = preSolution
		Debug|Any CPU = Debug|Any CPU
		Release|Any CPU = Release|Any CPU
	EndGlobalSection
	GlobalSection(ProjectConfigurationPlatforms) = postSolution
		{BA3DF9DC-2F8F-44DC-B2D9-4303E33014DD}.Debug|Any CPU.ActiveCfg = Debug|Any CPU
		{BA3DF9DC-2F8F-44DC-B2D9-4303E33014DD}.Debug|Any CPU.Build.0 = Debug|Any CPU
		{BA3DF9DC-2F8F-44DC-B2D9-4303E33014DD}.Release|Any CPU.ActiveCfg = Release|Any CPU
		{BA3DF9DC-2F8F-44DC-B2D9-4303E33014DD}.Release|Any CPU.Build.0 = Release|Any CPU
	EndGlobalSection
	GlobalSection(SolutionProperties) = preSolution
		HideSolutionNode = FALSE
	EndGlobalSection
	GlobalSection(ExtensibilityGlobals) = postSolution
		SolutionGuid = {ACD15CD1-D463-4ED0-8123-29F5081B3BE7}
	EndGlobalSection
EndGlobal
