
Microsoft Visual Studio Solution File, Format Version 12.00
# Visual Studio 15
VisualStudioVersion = 15.0.28307.1267
MinimumVisualStudioVersion = 10.0.40219.1
Project("{F184B08F-C81C-45F6-A57F-5ABD9991F28F}") = "Vote For One", "Vote For One\Vote For One.vbproj", "{7AF1CC01-9A38-4550-B2D8-F44DEDFD8419}"
EndProject
Global
	GlobalSection(SolutionConfigurationPlatforms) = preSolution
		Debug|Any CPU = Debug|Any CPU
		Release|Any CPU = Release|Any CPU
	EndGlobalSection
	GlobalSection(ProjectConfigurationPlatforms) = postSolution
		{7AF1CC01-9A38-4550-B2D8-F44DEDFD8419}.Debug|Any CPU.ActiveCfg = Debug|Any CPU
		{7AF1CC01-9A38-4550-B2D8-F44DEDFD8419}.Debug|Any CPU.Build.0 = Debug|Any CPU
		{7AF1CC01-9A38-4550-B2D8-F44DEDFD8419}.Release|Any CPU.ActiveCfg = Release|Any CPU
		{7AF1CC01-9A38-4550-B2D8-F44DEDFD8419}.Release|Any CPU.Build.0 = Release|Any CPU
	EndGlobalSection
	GlobalSection(SolutionProperties) = preSolution
		HideSolutionNode = FALSE
	EndGlobalSection
	GlobalSection(ExtensibilityGlobals) = postSolution
		SolutionGuid = {66CD7D5D-6A5A-406A-92CE-43CB0FB2D854}
	EndGlobalSection
EndGlobal
