
Microsoft Visual Studio Solution File, Format Version 12.00
# Visual Studio 15
VisualStudioVersion = 15.0.28307.1267
MinimumVisualStudioVersion = 10.0.40219.1
Project("{F184B08F-C81C-45F6-A57F-5ABD9991F28F}") = "Contestant Output", "Contestant Output\Contestant Output.vbproj", "{14BD8D1B-4BDC-429E-9CD2-7391A6BFE516}"
EndProject
Global
	GlobalSection(SolutionConfigurationPlatforms) = preSolution
		Debug|Any CPU = Debug|Any CPU
		Release|Any CPU = Release|Any CPU
	EndGlobalSection
	GlobalSection(ProjectConfigurationPlatforms) = postSolution
		{14BD8D1B-4BDC-429E-9CD2-7391A6BFE516}.Debug|Any CPU.ActiveCfg = Debug|Any CPU
		{14BD8D1B-4BDC-429E-9CD2-7391A6BFE516}.Debug|Any CPU.Build.0 = Debug|Any CPU
		{14BD8D1B-4BDC-429E-9CD2-7391A6BFE516}.Release|Any CPU.ActiveCfg = Release|Any CPU
		{14BD8D1B-4BDC-429E-9CD2-7391A6BFE516}.Release|Any CPU.Build.0 = Release|Any CPU
	EndGlobalSection
	GlobalSection(SolutionProperties) = preSolution
		HideSolutionNode = FALSE
	EndGlobalSection
	GlobalSection(ExtensibilityGlobals) = postSolution
		SolutionGuid = {CD13A0DD-1E47-41D4-A00E-F793477EA45D}
	EndGlobalSection
EndGlobal
